
Microsoft Visual Studio Solution File, Format Version 12.00
# Visual Studio 15
VisualStudioVersion = 15.0.27205.0
MinimumVisualStudioVersion = 10.0.40219.1
Project("{FAE04EC0-301F-11D3-BF4B-00C04F79EFBC}") = "RevoceableAuthenticationCookies", "WebApplication2\RevoceableAuthenticationCookies.csproj", "{17D4C4BF-D663-4217-9FF9-CA493359734B}"
EndProject
Global
	GlobalSection(SolutionConfigurationPlatforms) = preSolution
		Debug|Any CPU = Debug|Any CPU
		Release|Any CPU = Release|Any CPU
	EndGlobalSection
	GlobalSection(ProjectConfigurationPlatforms) = postSolution
		{17D4C4BF-D663-4217-9FF9-CA493359734B}.Debug|Any CPU.ActiveCfg = Debug|Any CPU
		{17D4C4BF-D663-4217-9FF9-CA493359734B}.Debug|Any CPU.Build.0 = Debug|Any CPU
		{17D4C4BF-D663-4217-9FF9-CA493359734B}.Release|Any CPU.ActiveCfg = Release|Any CPU
		{17D4C4BF-D663-4217-9FF9-CA493359734B}.Release|Any CPU.Build.0 = Release|Any CPU
	EndGlobalSection
	GlobalSection(SolutionProperties) = preSolution
		HideSolutionNode = FALSE
	EndGlobalSection
	GlobalSection(ExtensibilityGlobals) = postSolution
		SolutionGuid = {C6016D58-E8C3-463D-8B25-448F00ED07B5}
	EndGlobalSection
EndGlobal
